
Microsoft Visual Studio Solution File, Format Version 12.00
# Visual Studio Version 17
VisualStudioVersion = 17.0.31912.275
MinimumVisualStudioVersion = 10.0.40219.1
Project("{9A19103F-16F7-4668-BE54-9A1E7A4F7556}") = "CGTOnboardingTool", "CGTOnboardingTool.csproj", "{29C4515B-8CA7-4A89-AB69-239B185B6007}"
EndProject
Project("{FAE04EC0-301F-11D3-BF4B-00C04F79EFBC}") = "UnitTests", "..\UnitTests\UnitTests.csproj", "{1CE1B505-6382-4429-BDE5-BB9D28A6B19B}"
EndProject
Global
	GlobalSection(SolutionConfigurationPlatforms) = preSolution
		Debug|Any CPU = Debug|Any CPU
		Debug|ARM = Debug|ARM
		Debug|ARM64 = Debug|ARM64
		Debug|x64 = Debug|x64
		Debug|x86 = Debug|x86
		Release|Any CPU = Release|Any CPU
		Release|ARM = Release|ARM
		Release|ARM64 = Release|ARM64
		Release|x64 = Release|x64
		Release|x86 = Release|x86
	EndGlobalSection
	GlobalSection(ProjectConfigurationPlatforms) = postSolution
		{29C4515B-8CA7-4A89-AB69-239B185B6007}.Debug|Any CPU.ActiveCfg = Debug|Any CPU
		{29C4515B-8CA7-4A89-AB69-239B185B6007}.Debug|Any CPU.Build.0 = Debug|Any CPU
		{29C4515B-8CA7-4A89-AB69-239B185B6007}.Debug|ARM.ActiveCfg = Debug|Any CPU
		{29C4515B-8CA7-4A89-AB69-239B185B6007}.Debug|ARM.Build.0 = Debug|Any CPU
		{29C4515B-8CA7-4A89-AB69-239B185B6007}.Debug|ARM64.ActiveCfg = Debug|Any CPU
		{29C4515B-8CA7-4A89-AB69-239B185B6007}.Debug|ARM64.Build.0 = Debug|Any CPU
		{29C4515B-8CA7-4A89-AB69-239B185B6007}.Debug|x64.ActiveCfg = Debug|Any CPU
		{29C4515B-8CA7-4A89-AB69-239B185B6007}.Debug|x64.Build.0 = Debug|Any CPU
		{29C4515B-8CA7-4A89-AB69-239B185B6007}.Debug|x86.ActiveCfg = Debug|Any CPU
		{29C4515B-8CA7-4A89-AB69-239B185B6007}.Debug|x86.Build.0 = Debug|Any CPU
		{29C4515B-8CA7-4A89-AB69-239B185B6007}.Release|Any CPU.ActiveCfg = Release|Any CPU
		{29C4515B-8CA7-4A89-AB69-239B185B6007}.Release|Any CPU.Build.0 = Release|Any CPU
		{29C4515B-8CA7-4A89-AB69-239B185B6007}.Release|ARM.ActiveCfg = Release|Any CPU
		{29C4515B-8CA7-4A89-AB69-239B185B6007}.Release|ARM.Build.0 = Release|Any CPU
		{29C4515B-8CA7-4A89-AB69-239B185B6007}.Release|ARM64.ActiveCfg = Release|Any CPU
		{29C4515B-8CA7-4A89-AB69-239B185B6007}.Release|ARM64.Build.0 = Release|Any CPU
		{29C4515B-8CA7-4A89-AB69-239B185B6007}.Release|x64.ActiveCfg = Release|Any CPU
		{29C4515B-8CA7-4A89-AB69-239B185B6007}.Release|x64.Build.0 = Release|Any CPU
		{29C4515B-8CA7-4A89-AB69-239B185B6007}.Release|x86.ActiveCfg = Release|Any CPU
		{29C4515B-8CA7-4A89-AB69-239B185B6007}.Release|x86.Build.0 = Release|Any CPU
		{1CE1B505-6382-4429-BDE5-BB9D28A6B19B}.Debug|Any CPU.ActiveCfg = Debug|Any CPU
		{1CE1B505-6382-4429-BDE5-BB9D28A6B19B}.Debug|Any CPU.Build.0 = Debug|Any CPU
		{1CE1B505-6382-4429-BDE5-BB9D28A6B19B}.Debug|ARM.ActiveCfg = Debug|Any CPU
		{1CE1B505-6382-4429-BDE5-BB9D28A6B19B}.Debug|ARM.Build.0 = Debug|Any CPU
		{1CE1B505-6382-4429-BDE5-BB9D28A6B19B}.Debug|ARM64.ActiveCfg = Debug|Any CPU
		{1CE1B505-6382-4429-BDE5-BB9D28A6B19B}.Debug|ARM64.Build.0 = Debug|Any CPU
		{1CE1B505-6382-4429-BDE5-BB9D28A6B19B}.Debug|x64.ActiveCfg = Debug|Any CPU
		{1CE1B505-6382-4429-BDE5-BB9D28A6B19B}.Debug|x64.Build.0 = Debug|Any CPU
		{1CE1B505-6382-4429-BDE5-BB9D28A6B19B}.Debug|x86.ActiveCfg = Debug|Any CPU
		{1CE1B505-6382-4429-BDE5-BB9D28A6B19B}.Debug|x86.Build.0 = Debug|Any CPU
		{1CE1B505-6382-4429-BDE5-BB9D28A6B19B}.Release|Any CPU.ActiveCfg = Release|Any CPU
		{1CE1B505-6382-4429-BDE5-BB9D28A6B19B}.Release|Any CPU.Build.0 = Release|Any CPU
		{1CE1B505-6382-4429-BDE5-BB9D28A6B19B}.Release|ARM.ActiveCfg = Release|Any CPU
		{1CE1B505-6382-4429-BDE5-BB9D28A6B19B}.Release|ARM.Build.0 = Release|Any CPU
		{1CE1B505-6382-4429-BDE5-BB9D28A6B19B}.Release|ARM64.ActiveCfg = Release|Any CPU
		{1CE1B505-6382-4429-BDE5-BB9D28A6B19B}.Release|ARM64.Build.0 = Release|Any CPU
		{1CE1B505-6382-4429-BDE5-BB9D28A6B19B}.Release|x64.ActiveCfg = Release|Any CPU
		{1CE1B505-6382-4429-BDE5-BB9D28A6B19B}.Release|x64.Build.0 = Release|Any CPU
		{1CE1B505-6382-4429-BDE5-BB9D28A6B19B}.Release|x86.ActiveCfg = Release|Any CPU
		{1CE1B505-6382-4429-BDE5-BB9D28A6B19B}.Release|x86.Build.0 = Release|Any CPU
	EndGlobalSection
	GlobalSection(SolutionProperties) = preSolution
		HideSolutionNode = FALSE
	EndGlobalSection
	GlobalSection(ExtensibilityGlobals) = postSolution
		SolutionGuid = {61B15A48-D0FE-4732-94D3-879655A41D9C}
	EndGlobalSection
EndGlobal
