
Microsoft Visual Studio Solution File, Format Version 12.00
# Visual Studio Version 17
VisualStudioVersion = 17.0.31912.275
MinimumVisualStudioVersion = 10.0.40219.1
Project("{C7167F0D-BC9F-4E6E-AFE1-012C56B48DB5}") = "CGTOnboardingTool (Package)", "CGTOnboardingTool (Package)\CGTOnboardingTool (Package).wapproj", "{2CFDF8A4-106B-42A6-AF07-EDEF9A11D9B8}"
EndProject
Project("{FAE04EC0-301F-11D3-BF4B-00C04F79EFBC}") = "CGTOnboardingTool", "CGTOnboardingTool\CGTOnboardingTool.csproj", "{92963124-75A0-4DAD-944A-562CA30988BA}"
EndProject
Global
	GlobalSection(SolutionConfigurationPlatforms) = preSolution
		Debug|arm64 = Debug|arm64
		Debug|x64 = Debug|x64
		Debug|x86 = Debug|x86
		Release|arm64 = Release|arm64
		Release|x64 = Release|x64
		Release|x86 = Release|x86
	EndGlobalSection
	GlobalSection(ProjectConfigurationPlatforms) = postSolution
		{2CFDF8A4-106B-42A6-AF07-EDEF9A11D9B8}.Debug|arm64.ActiveCfg = Debug|arm64
		{2CFDF8A4-106B-42A6-AF07-EDEF9A11D9B8}.Debug|arm64.Build.0 = Debug|arm64
		{2CFDF8A4-106B-42A6-AF07-EDEF9A11D9B8}.Debug|arm64.Deploy.0 = Debug|arm64
		{2CFDF8A4-106B-42A6-AF07-EDEF9A11D9B8}.Debug|x64.ActiveCfg = Debug|x64
		{2CFDF8A4-106B-42A6-AF07-EDEF9A11D9B8}.Debug|x64.Build.0 = Debug|x64
		{2CFDF8A4-106B-42A6-AF07-EDEF9A11D9B8}.Debug|x64.Deploy.0 = Debug|x64
		{2CFDF8A4-106B-42A6-AF07-EDEF9A11D9B8}.Debug|x86.ActiveCfg = Debug|x86
		{2CFDF8A4-106B-42A6-AF07-EDEF9A11D9B8}.Debug|x86.Build.0 = Debug|x86
		{2CFDF8A4-106B-42A6-AF07-EDEF9A11D9B8}.Debug|x86.Deploy.0 = Debug|x86
		{2CFDF8A4-106B-42A6-AF07-EDEF9A11D9B8}.Release|arm64.ActiveCfg = Release|arm64
		{2CFDF8A4-106B-42A6-AF07-EDEF9A11D9B8}.Release|arm64.Build.0 = Release|arm64
		{2CFDF8A4-106B-42A6-AF07-EDEF9A11D9B8}.Release|arm64.Deploy.0 = Release|arm64
		{2CFDF8A4-106B-42A6-AF07-EDEF9A11D9B8}.Release|x64.ActiveCfg = Release|x64
		{2CFDF8A4-106B-42A6-AF07-EDEF9A11D9B8}.Release|x64.Build.0 = Release|x64
		{2CFDF8A4-106B-42A6-AF07-EDEF9A11D9B8}.Release|x64.Deploy.0 = Release|x64
		{2CFDF8A4-106B-42A6-AF07-EDEF9A11D9B8}.Release|x86.ActiveCfg = Release|x86
		{2CFDF8A4-106B-42A6-AF07-EDEF9A11D9B8}.Release|x86.Build.0 = Release|x86
		{2CFDF8A4-106B-42A6-AF07-EDEF9A11D9B8}.Release|x86.Deploy.0 = Release|x86
		{92963124-75A0-4DAD-944A-562CA30988BA}.Debug|arm64.ActiveCfg = Debug|arm64
		{92963124-75A0-4DAD-944A-562CA30988BA}.Debug|arm64.Build.0 = Debug|arm64
		{92963124-75A0-4DAD-944A-562CA30988BA}.Debug|x64.ActiveCfg = Debug|x64
		{92963124-75A0-4DAD-944A-562CA30988BA}.Debug|x64.Build.0 = Debug|x64
		{92963124-75A0-4DAD-944A-562CA30988BA}.Debug|x86.ActiveCfg = Debug|x86
		{92963124-75A0-4DAD-944A-562CA30988BA}.Debug|x86.Build.0 = Debug|x86
		{92963124-75A0-4DAD-944A-562CA30988BA}.Release|arm64.ActiveCfg = Release|arm64
		{92963124-75A0-4DAD-944A-562CA30988BA}.Release|arm64.Build.0 = Release|arm64
		{92963124-75A0-4DAD-944A-562CA30988BA}.Release|x64.ActiveCfg = Release|x64
		{92963124-75A0-4DAD-944A-562CA30988BA}.Release|x64.Build.0 = Release|x64
		{92963124-75A0-4DAD-944A-562CA30988BA}.Release|x86.ActiveCfg = Release|x86
		{92963124-75A0-4DAD-944A-562CA30988BA}.Release|x86.Build.0 = Release|x86
	EndGlobalSection
	GlobalSection(SolutionProperties) = preSolution
		HideSolutionNode = FALSE
	EndGlobalSection
	GlobalSection(ExtensibilityGlobals) = postSolution
		SolutionGuid = {435906D8-E0A2-44C6-A64C-F82699A7F2A8}
	EndGlobalSection
EndGlobal
